
Microsoft Visual Studio Solution File, Format Version 12.00
# Visual Studio Version 16
VisualStudioVersion = 16.0.29613.14
MinimumVisualStudioVersion = 10.0.40219.1
Project("{9A19103F-16F7-4668-BE54-9A1E7A4F7556}") = "ParlaPharmaMVCCore", "ParlaFarmaMVCCore\ParlaPharmaMVCCore.csproj", "{F5BFC126-4D02-47A5-920D-757CED09AFA4}"
EndProject
Global
	GlobalSection(SolutionConfigurationPlatforms) = preSolution
		Debug|Any CPU = Debug|Any CPU
		Release|Any CPU = Release|Any CPU
	EndGlobalSection
	GlobalSection(ProjectConfigurationPlatforms) = postSolution
		{F5BFC126-4D02-47A5-920D-757CED09AFA4}.Debug|Any CPU.ActiveCfg = Debug|Any CPU
		{F5BFC126-4D02-47A5-920D-757CED09AFA4}.Debug|Any CPU.Build.0 = Debug|Any CPU
		{F5BFC126-4D02-47A5-920D-757CED09AFA4}.Release|Any CPU.ActiveCfg = Release|Any CPU
		{F5BFC126-4D02-47A5-920D-757CED09AFA4}.Release|Any CPU.Build.0 = Release|Any CPU
	EndGlobalSection
	GlobalSection(SolutionProperties) = preSolution
		HideSolutionNode = FALSE
	EndGlobalSection
	GlobalSection(ExtensibilityGlobals) = postSolution
		SolutionGuid = {2B474428-3A3C-4207-9C96-1858AC2D4FCF}
	EndGlobalSection
EndGlobal
